
Microsoft Visual Studio Solution File, Format Version 12.00
# Visual Studio Version 17
VisualStudioVersion = 17.10.35027.167
MinimumVisualStudioVersion = 10.0.40219.1
Project("{9A19103F-16F7-4668-BE54-9A1E7A4F7556}") = "WebBase.BackendServer", "src\WebBase.BackendServer\WebBase.BackendServer.csproj", "{C693A6F2-2DB1-4C89-9AD7-92937A8C5E06}"
EndProject
Project("{FAE04EC0-301F-11D3-BF4B-00C04F79EFBC}") = "WebBase.ViewModels", "src\WebBase.ViewModels\WebBase.ViewModels.csproj", "{6F3435EB-BEB7-44D6-895B-3C4BD34BFB22}"
EndProject
Project("{9A19103F-16F7-4668-BE54-9A1E7A4F7556}") = "WebBase.WebPortal", "src\WebBase.WebPortal\WebBase.WebPortal.csproj", "{CDB891A6-2C20-40FA-8029-3293544EA3A7}"
EndProject
Global
	GlobalSection(SolutionConfigurationPlatforms) = preSolution
		Debug|Any CPU = Debug|Any CPU
		Release|Any CPU = Release|Any CPU
	EndGlobalSection
	GlobalSection(ProjectConfigurationPlatforms) = postSolution
		{C693A6F2-2DB1-4C89-9AD7-92937A8C5E06}.Debug|Any CPU.ActiveCfg = Debug|Any CPU
		{C693A6F2-2DB1-4C89-9AD7-92937A8C5E06}.Debug|Any CPU.Build.0 = Debug|Any CPU
		{C693A6F2-2DB1-4C89-9AD7-92937A8C5E06}.Release|Any CPU.ActiveCfg = Release|Any CPU
		{C693A6F2-2DB1-4C89-9AD7-92937A8C5E06}.Release|Any CPU.Build.0 = Release|Any CPU
		{6F3435EB-BEB7-44D6-895B-3C4BD34BFB22}.Debug|Any CPU.ActiveCfg = Debug|Any CPU
		{6F3435EB-BEB7-44D6-895B-3C4BD34BFB22}.Debug|Any CPU.Build.0 = Debug|Any CPU
		{6F3435EB-BEB7-44D6-895B-3C4BD34BFB22}.Release|Any CPU.ActiveCfg = Release|Any CPU
		{6F3435EB-BEB7-44D6-895B-3C4BD34BFB22}.Release|Any CPU.Build.0 = Release|Any CPU
		{CDB891A6-2C20-40FA-8029-3293544EA3A7}.Debug|Any CPU.ActiveCfg = Debug|Any CPU
		{CDB891A6-2C20-40FA-8029-3293544EA3A7}.Debug|Any CPU.Build.0 = Debug|Any CPU
		{CDB891A6-2C20-40FA-8029-3293544EA3A7}.Release|Any CPU.ActiveCfg = Release|Any CPU
		{CDB891A6-2C20-40FA-8029-3293544EA3A7}.Release|Any CPU.Build.0 = Release|Any CPU
	EndGlobalSection
	GlobalSection(SolutionProperties) = preSolution
		HideSolutionNode = FALSE
	EndGlobalSection
	GlobalSection(ExtensibilityGlobals) = postSolution
		SolutionGuid = {34AE0254-5D3E-4D5A-A9D2-8B9E64D83432}
	EndGlobalSection
EndGlobal
